lockfileVersion: 5.4

importers:

  packages/quartz:
    specifiers: {}

  packages/quartz-plugin-provide-dep:
    specifiers: {}

  packages/quartz-plugin-recursive-bundler:
    specifiers:
      '@uwu/quartz': workspace:*
      quartz:*: link:@uwu/quartz:*
    dependencies:
      '@uwu/quartz': link:../quartz
    devDependencies:
      quartz:*: link:@uwu/quartz:*

  packages/quartz-plugin-url-import:
    specifiers: {}
