lockfileVersion: 5.4

importers:

  packages/quartz:
    specifiers: {}

  packages/quartz-plugin-commonjs:
    specifiers:
      '@uwu/quartz': workspace:*
    devDependencies:
      '@uwu/quartz': link:../quartz

  packages/quartz-plugin-provide-dep:
    specifiers: {}

  packages/quartz-plugin-recursive-bundler:
    specifiers:
      '@uwu/quartz': workspace:*
    devDependencies:
      '@uwu/quartz': link:../quartz

  packages/quartz-plugin-url-import:
    specifiers: {}
